
Microsoft Visual Studio Solution File, Format Version 12.00
# Visual Studio Version 16
VisualStudioVersion = 16.0.30002.166
MinimumVisualStudioVersion = 10.0.40219.1
Project("{FAE04EC0-301F-11D3-BF4B-00C04F79EFBC}") = "LoginWS", "LoginWS\LoginWS.csproj", "{02F267B9-846E-4D25-AFBD-33A98B7BA275}"
EndProject
Global
	GlobalSection(SolutionConfigurationPlatforms) = preSolution
		Debug|Any CPU = Debug|Any CPU
		Release|Any CPU = Release|Any CPU
	EndGlobalSection
	GlobalSection(ProjectConfigurationPlatforms) = postSolution
		{02F267B9-846E-4D25-AFBD-33A98B7BA275}.Debug|Any CPU.ActiveCfg = Debug|Any CPU
		{02F267B9-846E-4D25-AFBD-33A98B7BA275}.Debug|Any CPU.Build.0 = Debug|Any CPU
		{02F267B9-846E-4D25-AFBD-33A98B7BA275}.Release|Any CPU.ActiveCfg = Release|Any CPU
		{02F267B9-846E-4D25-AFBD-33A98B7BA275}.Release|Any CPU.Build.0 = Release|Any CPU
	EndGlobalSection
	GlobalSection(SolutionProperties) = preSolution
		HideSolutionNode = FALSE
	EndGlobalSection
	GlobalSection(ExtensibilityGlobals) = postSolution
		SolutionGuid = {FD8A59D7-ACE7-4B0A-8B1F-DAC9B043F6AE}
	EndGlobalSection
EndGlobal
